
Microsoft Visual Studio Solution File, Format Version 12.00
# Visual Studio Version 16
VisualStudioVersion = 16.0.31515.178
MinimumVisualStudioVersion = 10.0.40219.1
Project("{FAE04EC0-301F-11D3-BF4B-00C04F79EFBC}") = "PCG", "PCG\PCG.csproj", "{D3587421-0DCF-4C73-AB85-54D2C4EF0011}"
EndProject
Global
	GlobalSection(SolutionConfigurationPlatforms) = preSolution
		Debug|Any CPU = Debug|Any CPU
		Release|Any CPU = Release|Any CPU
	EndGlobalSection
	GlobalSection(ProjectConfigurationPlatforms) = postSolution
		{D3587421-0DCF-4C73-AB85-54D2C4EF0011}.Debug|Any CPU.ActiveCfg = Debug|Any CPU
		{D3587421-0DCF-4C73-AB85-54D2C4EF0011}.Debug|Any CPU.Build.0 = Debug|Any CPU
		{D3587421-0DCF-4C73-AB85-54D2C4EF0011}.Release|Any CPU.ActiveCfg = Release|Any CPU
		{D3587421-0DCF-4C73-AB85-54D2C4EF0011}.Release|Any CPU.Build.0 = Release|Any CPU
	EndGlobalSection
	GlobalSection(SolutionProperties) = preSolution
		HideSolutionNode = FALSE
	EndGlobalSection
	GlobalSection(ExtensibilityGlobals) = postSolution
		SolutionGuid = {7CC6C82B-60DF-416B-B280-F0D205B1F111}
	EndGlobalSection
EndGlobal
